
Microsoft Visual Studio Solution File, Format Version 12.00
# Visual Studio 15
VisualStudioVersion = 15.0.28307.1169
MinimumVisualStudioVersion = 10.0.40219.1
Project("{FAE04EC0-301F-11D3-BF4B-00C04F79EFBC}") = "CleanBlog5.Web", "CleanBlog5.Web\CleanBlog5.Web.csproj", "{F23901F2-ADA1-4F93-8096-E5479FF65EE2}"
EndProject
Global
	GlobalSection(SolutionConfigurationPlatforms) = preSolution
		Debug|Any CPU = Debug|Any CPU
		Release|Any CPU = Release|Any CPU
	EndGlobalSection
	GlobalSection(ProjectConfigurationPlatforms) = postSolution
		{F23901F2-ADA1-4F93-8096-E5479FF65EE2}.Debug|Any CPU.ActiveCfg = Debug|Any CPU
		{F23901F2-ADA1-4F93-8096-E5479FF65EE2}.Debug|Any CPU.Build.0 = Debug|Any CPU
		{F23901F2-ADA1-4F93-8096-E5479FF65EE2}.Release|Any CPU.ActiveCfg = Release|Any CPU
		{F23901F2-ADA1-4F93-8096-E5479FF65EE2}.Release|Any CPU.Build.0 = Release|Any CPU
	EndGlobalSection
	GlobalSection(SolutionProperties) = preSolution
		HideSolutionNode = FALSE
	EndGlobalSection
	GlobalSection(ExtensibilityGlobals) = postSolution
		SolutionGuid = {05D621FE-53AC-4E1C-86E3-73E7EC05993B}
	EndGlobalSection
EndGlobal
